<?xml version="1.0" encoding="UTF-8" standalone="yes" ?>
<CodeBlocks_project_file>
	<FileVersion major="1" minor="6" />
	<Project>
		<Option title="ex3" />
		<Option pch_mode="2" />
		<Option compiler="gcc" />
		<Build>
			<Target title="Debug">
				<Option output="bin\Debug\ex3" prefix_auto="1" extension_auto="1" />
				<Option object_output="obj\Debug\" />
				<Option type="1" />
				<Option compiler="gcc" />
				<Compiler>
					<Add option="-g" />
				</Compiler>
			</Target>
			<Target title="Release">
				<Option output="bin\Release\ex3" prefix_auto="1" extension_auto="1" />
				<Option object_output="obj\Release\" />
				<Option type="1" />
				<Option compiler="gcc" />
				<Compiler>
					<Add option="-O2" />
				</Compiler>
				<Linker>
					<Add option="-s" />
				</Linker>
			</Target>
		</Build>
		<Compiler>
			<Add option="-Wall" />
			<Add option="-fexceptions" />
		</Compiler>
		<Unit filename="Advertisement.h" />
		<Unit filename="Categories.cpp">
			<Option target="&lt;{~None~}&gt;" />
		</Unit>
		<Unit filename="Categories.h" />
		<Unit filename="Category.cpp">
			<Option target="&lt;{~None~}&gt;" />
		</Unit>
		<Unit filename="Category.h" />
		<Unit filename="Client.h" />
		<Unit filename="Date.h" />
		<Unit filename="Group.cpp" />
		<Unit filename="Group.h" />
		<Unit filename="Listing.cpp" />
		<Unit filename="Listing.h" />
		<Unit filename="buildpage.cpp" />
		<Unit filename="buildpage.h" />
		<Unit filename="main.cpp" />
		<Unit filename="main.h" />
		<Unit filename="processrequest.cpp" />
		<Unit filename="processrequest.h" />
		<Extensions>
			<code_completion />
			<debugger />
		</Extensions>
	</Project>
</CodeBlocks_project_file>
